github.com/google/uuid v1.0.0 h1:b4Gk+7WdP/d3HZH8EJsZpvV7EtDOgaZLtnaNGIu1adA=
github.com/google/uuid v1.0.0/go.mod h1:TIyPZe4MgqvfeYDBFedMoGGpEw/LqOeaOT+nhxU+yHo=
github.com/pborman/uuid v1.2.1 h1:+ZZIw58t/ozdjRaXh/3awHfmWRbzYxJoAdNJxe/3pvw=
github.com/pborman/uuid v1.2.1/go.mod h1:X/NO0urCmaxf9VXbdlT7C2Yzkj2IKimNn4k+gtPdI/k=
github.com/vaskoevgen/go-modules v1.0.2 h1:/1fwozlROT7M+ujrD/gSyo/a4XslKknMgJcvzKrYiqE=
github.com/vaskoevgen/go-modules v1.0.2/go.mod h1:ED6iX5yvjUd5XWLJq5Dyr5kQN12Eiufob1hzMZR3FCY=
